// !$*UTF8*$!
{
	archiveVersion = 1;
	classes = {
	};
	objectVersion = 46;
	objects = {

/* Begin PBXBuildFile section */
		2D983AF019EC538700277F70 /* AppDelegate.swift in Sources */ = {isa = PBXBuildFile; fileRef = 2D983AEF19EC538700277F70 /* AppDelegate.swift */; };
		2D983AF219EC538700277F70 /* ViewController.swift in Sources */ = {isa = PBXBuildFile; fileRef = 2D983AF119EC538700277F70 /* ViewController.swift */; };
		2D983AF519EC538700277F70 /* Main.storyboard in Resources */ = {isa = PBXBuildFile; fileRef = 2D983AF319EC538700277F70 /* Main.storyboard */; };
		2D983AF719EC538700277F70 /* Images.xcassets in Resources */ = {isa = PBXBuildFile; fileRef = 2D983AF619EC538700277F70 /* Images.xcassets */; };
		2D983AFA19EC538700277F70 /* LaunchScreen.xib in Resources */ = {isa = PBXBuildFile; fileRef = 2D983AF819EC538700277F70 /* LaunchScreen.xib */; };
		2D983B0619EC538700277F70 /* PostcardTests.swift in Sources */ = {isa = PBXBuildFile; fileRef = 2D983B0519EC538700277F70 /* PostcardTests.swift */; };
		2D983B1019EC77DD00277F70 /* SagradaFamilia.jpeg in Resources */ = {isa = PBXBuildFile; fileRef = 2D983B0F19EC77DD00277F70 /* SagradaFamilia.jpeg */; };
		2D983B1219EC8FEC00277F70 /* AlbertEinsteinStamp.jpg in Resources */ = {isa = PBXBuildFile; fileRef = 2D983B1119EC8FEC00277F70 /* AlbertEinsteinStamp.jpg */; };
/* End PBXBuildFile section */

/* Begin PBXContainerItemProxy section */
		2D983B0019EC538700277F70 /* PBXContainerItemProxy */ = {
			isa = PBXContainerItemProxy;
			containerPortal = 2D983AE219EC538700277F70 /* Project object */;
			proxyType = 1;
			remoteGlobalIDString = 2D983AE919EC538700277F70;
			remoteInfo = Postcard;
		};
/* End PBXContainerItemProxy section */

/* Begin PBXFileReference section */
		2D983AEA19EC538700277F70 /* Postcard.app */ = {isa = PBXFileReference; explicitFileType = wrapper.application; includeInIndex = 0; path = Postcard.app; sourceTree = BUILT_PRODUCTS_DIR; };
		2D983AEE19EC538700277F70 /* Info.plist */ = {isa = PBXFileReference; lastKnownFileType = text.plist.xml; path = Info.plist; sourceTree = "<group>"; };
		2D983AEF19EC538700277F70 /* AppDelegate.swift */ = {isa = PBXFileReference; lastKnownFileType = sourcecode.swift; path = AppDelegate.swift; sourceTree = "<group>"; };
		2D983AF119EC538700277F70 /* ViewController.swift */ = {isa = PBXFileReference; lastKnownFileType = sourcecode.swift; path = ViewController.swift; sourceTree = "<group>"; };
		2D983AF419EC538700277F70 /* Base */ = {isa = PBXFileReference; lastKnownFileType = file.storyboard; name = Base; path = Base.lproj/Main.storyboard; sourceTree = "<group>"; };
		2D983AF619EC538700277F70 /* Images.xcassets */ = {isa = PBXFileReference; lastKnownFileType = folder.assetcatalog; path = Images.xcassets; sourceTree = "<group>"; };
		2D983AF919EC538700277F70 /* Base */ = {isa = PBXFileReference; lastKnownFileType = file.xib; name = Base; path = Base.lproj/LaunchScreen.xib; sourceTree = "<group>"; };
		2D983AFF19EC538700277F70 /* PostcardTests.xctest */ = {isa = PBXFileReference; explicitFileType = wrapper.cfbundle; includeInIndex = 0; path = PostcardTests.xctest; sourceTree = BUILT_PRODUCTS_DIR; };
		2D983B0419EC538700277F70 /* Info.plist */ = {isa = PBXFileReference; lastKnownFileType = text.plist.xml; path = Info.plist; sourceTree = "<group>"; };
		2D983B0519EC538700277F70 /* PostcardTests.swift */ = {isa = PBXFileReference; lastKnownFileType = sourcecode.swift; path = PostcardTests.swift; sourceTree = "<group>"; };
		2D983B0F19EC77DD00277F70 /* SagradaFamilia.jpeg */ = {isa = PBXFileReference; lastKnownFileType = image.jpeg; path = SagradaFamilia.jpeg; sourceTree = "<group>"; };
		2D983B1119EC8FEC00277F70 /* AlbertEinsteinStamp.jpg */ = {isa = PBXFileReference; lastKnownFileType = image.jpeg; path = AlbertEinsteinStamp.jpg; sourceTree = "<group>"; };
/* End PBXFileReference section */

/* Begin PBXFrameworksBuildPhase section */
		2D983AE719EC538700277F70 /* Frameworks */ = {
			isa = PBXFrameworksBuildPhase;
			buildActionMask = 2147483647;
			files = (
			);
			runOnlyForDeploymentPostprocessing = 0;
		};
		2D983AFC19EC538700277F70 /* Frameworks */ = {
			isa = PBXFrameworksBuildPhase;
			buildActionMask = 2147483647;
			files = (
			);
			runOnlyForDeploymentPostprocessing = 0;
		};
/* End PBXFrameworksBuildPhase section */

/* Begin PBXGroup section */
		2D983AE119EC538700277F70 = {
			isa = PBXGroup;
			children = (
				2D983AEC19EC538700277F70 /* Postcard */,
				2D983B0219EC538700277F70 /* PostcardTests */,
				2D983AEB19EC538700277F70 /* Products */,
			);
			sourceTree = "<group>";
		};
		2D983AEB19EC538700277F70 /* Products */ = {
			isa = PBXGroup;
			children = (
				2D983AEA19EC538700277F70 /* Postcard.app */,
				2D983AFF19EC538700277F70 /* PostcardTests.xctest */,
			);
			name = Products;
			sourceTree = "<group>";
		};
		2D983AEC19EC538700277F70 /* Postcard */ = {
			isa = PBXGroup;
			children = (
				2D983AEF19EC538700277F70 /* AppDelegate.swift */,
				2D983AF119EC538700277F70 /* ViewController.swift */,
				2D983AF319EC538700277F70 /* Main.storyboard */,
				2D983AF619EC538700277F70 /* Images.xcassets */,
				2D983AF819EC538700277F70 /* LaunchScreen.xib */,
				2D983AED19EC538700277F70 /* Supporting Files */,
			);
			path = Postcard;
			sourceTree = "<group>";
		};
		2D983AED19EC538700277F70 /* Supporting Files */ = {
			isa = PBXGroup;
			children = (
				2D983B1119EC8FEC00277F70 /* AlbertEinsteinStamp.jpg */,
				2D983B0F19EC77DD00277F70 /* SagradaFamilia.jpeg */,
				2D983AEE19EC538700277F70 /* Info.plist */,
			);
			name = "Supporting Files";
			sourceTree = "<group>";
		};
		2D983B0219EC538700277F70 /* PostcardTests */ = {
			isa = PBXGroup;
			children = (
				2D983B0519EC538700277F70 /* PostcardTests.swift */,
				2D983B0319EC538700277F70 /* Supporting Files */,
			);
			path = PostcardTests;
			sourceTree = "<group>";
		};
		2D983B0319EC538700277F70 /* Supporting Files */ = {
			isa = PBXGroup;
			children = (
				2D983B0419EC538700277F70 /* Info.plist */,
			);
			name = "Supporting Files";
			sourceTree = "<group>";
		};
/* End PBXGroup section */

/* Begin PBXNativeTarget section */
		2D983AE919EC538700277F70 /* Postcard */ = {
			isa = PBXNativeTarget;
			buildConfigurationList = 2D983B0919EC538700277F70 /* Build configuration list for PBXNativeTarget "Postcard" */;
			buildPhases = (
				2D983AE619EC538700277F70 /* Sources */,
				2D983AE719EC538700277F70 /* Frameworks */,
				2D983AE819EC538700277F70 /* Resources */,
			);
			buildRules = (
			);
			dependencies = (
			);
			name = Postcard;
			productName = Postcard;
			productReference = 2D983AEA19EC538700277F70 /* Postcard.app */;
			productType = "com.apple.product-type.application";
		};
		2D983AFE19EC538700277F70 /* PostcardTests */ = {
			isa = PBXNativeTarget;
			buildConfigurationList = 2D983B0C19EC538700277F70 /* Build configuration list for PBXNativeTarget "PostcardTests" */;
			buildPhases = (
				2D983AFB19EC538700277F70 /* Sources */,
				2D983AFC19EC538700277F70 /* Frameworks */,
				2D983AFD19EC538700277F70 /* Resources */,
			);
			buildRules = (
			);
			dependencies = (
				2D983B0119EC538700277F70 /* PBXTargetDependency */,
			);
			name = PostcardTests;
			productName = PostcardTests;
			productReference = 2D983AFF19EC538700277F70 /* PostcardTests.xctest */;
			productType = "com.apple.product-type.bundle.unit-test";
		};
/* End PBXNativeTarget section */

/* Begin PBXProject section */
		2D983AE219EC538700277F70 /* Project object */ = {
			isa = PBXProject;
			attributes = {
				LastUpgradeCheck = 0610;
				ORGANIZATIONNAME = "Michael Renninger";
				TargetAttributes = {
					2D983AE919EC538700277F70 = {
						CreatedOnToolsVersion = 6.1;
					};
					2D983AFE19EC538700277F70 = {
						CreatedOnToolsVersion = 6.1;
						TestTargetID = 2D983AE919EC538700277F70;
					};
				};
			};
			buildConfigurationList = 2D983AE519EC538700277F70 /* Build configuration list for PBXProject "Postcard" */;
			compatibilityVersion = "Xcode 3.2";
			developmentRegion = English;
			hasScannedForEncodings = 0;
			knownRegions = (
				en,
				Base,
			);
			mainGroup = 2D983AE119EC538700277F70;
			productRefGroup = 2D983AEB19EC538700277F70 /* Products */;
			projectDirPath = "";
			projectRoot = "";
			targets = (
				2D983AE919EC538700277F70 /* Postcard */,
				2D983AFE19EC538700277F70 /* PostcardTests */,
			);
		};
/* End PBXProject section */

/* Begin PBXResourcesBuildPhase section */
		2D983AE819EC538700277F70 /* Resources */ = {
			isa = PBXResourcesBuildPhase;
			buildActionMask = 2147483647;
			files = (
				2D983AF519EC538700277F70 /* Main.storyboard in Resources */,
				2D983B1019EC77DD00277F70 /* SagradaFamilia.jpeg in Resources */,
				2D983B1219EC8FEC00277F70 /* AlbertEinsteinStamp.jpg in Resources */,
				2D983AFA19EC538700277F70 /* LaunchScreen.xib in Resources */,
				2D983AF719EC538700277F70 /* Images.xcassets in Resources */,
			);
			runOnlyForDeploymentPostprocessing = 0;
		};
		2D983AFD19EC538700277F70 /* Resources */ = {
			isa = PBXResourcesBuildPhase;
			buildActionMask = 2147483647;
			files = (
			);
			runOnlyForDeploymentPostprocessing = 0;
		};
/* End PBXResourcesBuildPhase section */

/* Begin PBXSourcesBuildPhase section */
		2D983AE619EC538700277F70 /* Sources */ = {
			isa = PBXSourcesBuildPhase;
			buildActionMask = 2147483647;
			files = (
				2D983AF219EC538700277F70 /* ViewController.swift in Sources */,
				2D983AF019EC538700277F70 /* AppDelegate.swift in Sources */,
			);
			runOnlyForDeploymentPostprocessing = 0;
		};
		2D983AFB19EC538700277F70 /* Sources */ = {
			isa = PBXSourcesBuildPhase;
			buildActionMask = 2147483647;
			files = (
				2D983B0619EC538700277F70 /* PostcardTests.swift in Sources */,
			);
			runOnlyForDeploymentPostprocessing = 0;
		};
/* End PBXSourcesBuildPhase section */

/* Begin PBXTargetDependency section */
		2D983B0119EC538700277F70 /* PBXTargetDependency */ = {
			isa = PBXTargetDependency;
			target = 2D983AE919EC538700277F70 /* Postcard */;
			targetProxy = 2D983B0019EC538700277F70 /* PBXContainerItemProxy */;
		};
/* End PBXTargetDependency section */

/* Begin PBXVariantGroup section */
		2D983AF319EC538700277F70 /* Main.storyboard */ = {
			isa = PBXVariantGroup;
			children = (
				2D983AF419EC538700277F70 /* Base */,
			);
			name = Main.storyboard;
			sourceTree = "<group>";
		};
		2D983AF819EC538700277F70 /* LaunchScreen.xib */ = {
			isa = PBXVariantGroup;
			children = (
				2D983AF919EC538700277F70 /* Base */,
			);
			name = LaunchScreen.xib;
			sourceTree = "<group>";
		};
/* End PBXVariantGroup section */

/* Begin XCBuildConfiguration section */
		2D983B0719EC538700277F70 /* Debug */ = {
			isa = XCBuildConfiguration;
			buildSettings = {
				ALWAYS_SEARCH_USER_PATHS = NO;
				CLANG_CXX_LANGUAGE_STANDARD = "gnu++0x";
				CLANG_CXX_LIBRARY = "libc++";
				CLANG_ENABLE_MODULES = YES;
				CLANG_ENABLE_OBJC_ARC = YES;
				CLANG_WARN_BOOL_CONVERSION = YES;
				CLANG_WARN_CONSTANT_CONVERSION = YES;
				CLANG_WARN_DIRECT_OBJC_ISA_USAGE = YES_ERROR;
				CLANG_WARN_EMPTY_BODY = YES;
				CLANG_WARN_ENUM_CONVERSION = YES;
				CLANG_WARN_INT_CONVERSION = YES;
				CLANG_WARN_OBJC_ROOT_CLASS = YES_ERROR;
				CLANG_WARN_UNREACHABLE_CODE = YES;
				CLANG_WARN__DUPLICATE_METHOD_MATCH = YES;
				"CODE_SIGN_IDENTITY[sdk=iphoneos*]" = "iPhone Developer";
				COPY_PHASE_STRIP = NO;
				ENABLE_STRICT_OBJC_MSGSEND = YES;
				GCC_C_LANGUAGE_STANDARD = gnu99;
				GCC_DYNAMIC_NO_PIC = NO;
				GCC_OPTIMIZATION_LEVEL = 0;
				GCC_PREPROCESSOR_DEFINITIONS = (
					"DEBUG=1",
					"$(inherited)",
				);
				GCC_SYMBOLS_PRIVATE_EXTERN = NO;
				GCC_WARN_64_TO_32_BIT_CONVERSION = YES;
				GCC_WARN_ABOUT_RETURN_TYPE = YES_ERROR;
				GCC_WARN_UNDECLARED_SELECTOR = YES;
				GCC_WARN_UNINITIALIZED_AUTOS = YES_AGGRESSIVE;
				GCC_WARN_UNUSED_FUNCTION = YES;
				GCC_WARN_UNUSED_VARIABLE = YES;
				IPHONEOS_DEPLOYMENT_TARGET = 8.1;
				MTL_ENABLE_DEBUG_INFO = YES;
				ONLY_ACTIVE_ARCH = YES;
				SDKROOT = iphoneos;
				SWIFT_OPTIMIZATION_LEVEL = "-Onone";
				TARGETED_DEVICE_FAMILY = "1,2";
			};
			name = Debug;
		};
		2D983B0819EC538700277F70 /* Release */ = {
			isa = XCBuildConfiguration;
			buildSettings = {
				ALWAYS_SEARCH_USER_PATHS = NO;
				CLANG_CXX_LANGUAGE_STANDARD = "gnu++0x";
				CLANG_CXX_LIBRARY = "libc++";
				CLANG_ENABLE_MODULES = YES;
				CLANG_ENABLE_OBJC_ARC = YES;
				CLANG_WARN_BOOL_CONVERSION = YES;
				CLANG_WARN_CONSTANT_CONVERSION = YES;
				CLANG_WARN_DIRECT_OBJC_ISA_USAGE = YES_ERROR;
				CLANG_WARN_EMPTY_BODY = YES;
				CLANG_WARN_ENUM_CONVERSION = YES;
				CLANG_WARN_INT_CONVERSION = YES;
				CLANG_WARN_OBJC_ROOT_CLASS = YES_ERROR;
				CLANG_WARN_UNREACHABLE_CODE = YES;
				CLANG_WARN__DUPLICATE_METHOD_MATCH = YES;
				"CODE_SIGN_IDENTITY[sdk=iphoneos*]" = "iPhone Developer";
				COPY_PHASE_STRIP = YES;
				ENABLE_NS_ASSERTIONS = NO;
				ENABLE_STRICT_OBJC_MSGSEND = YES;
				GCC_C_LANGUAGE_STANDARD = gnu99;
				GCC_WARN_64_TO_32_BIT_CONVERSION = YES;
				GCC_WARN_ABOUT_RETURN_TYPE = YES_ERROR;
				GCC_WARN_UNDECLARED_SELECTOR = YES;
				GCC_WARN_UNINITIALIZED_AUTOS = YES_AGGRESSIVE;
				GCC_WARN_UNUSED_FUNCTION = YES;
				GCC_WARN_UNUSED_VARIABLE = YES;
				IPHONEOS_DEPLOYMENT_TARGET = 8.1;
				MTL_ENABLE_DEBUG_INFO = NO;
				SDKROOT = iphoneos;
				TARGETED_DEVICE_FAMILY = "1,2";
				VALIDATE_PRODUCT = YES;
			};
			name = Release;
		};
		2D983B0A19EC538700277F70 /* Debug */ = {
			isa = XCBuildConfiguration;
			buildSettings = {
				ASSETCATALOG_COMPILER_APPICON_NAME = AppIcon;
				INFOPLIST_FILE = Postcard/Info.plist;
				LD_RUNPATH_SEARCH_PATHS = "$(inherited) @executable_path/Frameworks";
				PRODUCT_NAME = "$(TARGET_NAME)";
			};
			name = Debug;
		};
		2D983B0B19EC538700277F70 /* Release */ = {
			isa = XCBuildConfiguration;
			buildSettings = {
				ASSETCATALOG_COMPILER_APPICON_NAME = AppIcon;
				INFOPLIST_FILE = Postcard/Info.plist;
				LD_RUNPATH_SEARCH_PATHS = "$(inherited) @executable_path/Frameworks";
				PRODUCT_NAME = "$(TARGET_NAME)";
			};
			name = Release;
		};
		2D983B0D19EC538700277F70 /* Debug */ = {
			isa = XCBuildConfiguration;
			buildSettings = {
				BUNDLE_LOADER = "$(TEST_HOST)";
				FRAMEWORK_SEARCH_PATHS = (
					"$(SDKROOT)/Developer/Library/Frameworks",
					"$(inherited)",
				);
				GCC_PREPROCESSOR_DEFINITIONS = (
					"DEBUG=1",
					"$(inherited)",
				);
				INFOPLIST_FILE = PostcardTests/Info.plist;
				LD_RUNPATH_SEARCH_PATHS = "$(inherited) @executable_path/Frameworks @loader_path/Frameworks";
				PRODUCT_NAME = "$(TARGET_NAME)";
				TEST_HOST = "$(BUILT_PRODUCTS_DIR)/Postcard.app/Postcard";
			};
			name = Debug;
		};
		2D983B0E19EC538700277F70 /* Release */ = {
			isa = XCBuildConfiguration;
			buildSettings = {
				BUNDLE_LOADER = "$(TEST_HOST)";
				FRAMEWORK_SEARCH_PATHS = (
					"$(SDKROOT)/Developer/Library/Frameworks",
					"$(inherited)",
				);
				INFOPLIST_FILE = PostcardTests/Info.plist;
				LD_RUNPATH_SEARCH_PATHS = "$(inherited) @executable_path/Frameworks @loader_path/Frameworks";
				PRODUCT_NAME = "$(TARGET_NAME)";
				TEST_HOST = "$(BUILT_PRODUCTS_DIR)/Postcard.app/Postcard";
			};
			name = Release;
		};
/* End XCBuildConfiguration section */

/* Begin XCConfigurationList section */
		2D983AE519EC538700277F70 /* Build configuration list for PBXProject "Postcard" */ = {
			isa = XCConfigurationList;
			buildConfigurations = (
				2D983B0719EC538700277F70 /* Debug */,
				2D983B0819EC538700277F70 /* Release */,
			);
			defaultConfigurationIsVisible = 0;
			defaultConfigurationName = Release;
		};
		2D983B0919EC538700277F70 /* Build configuration list for PBXNativeTarget "Postcard" */ = {
			isa = XCConfigurationList;
			buildConfigurations = (
				2D983B0A19EC538700277F70 /* Debug */,
				2D983B0B19EC538700277F70 /* Release */,
			);
			defaultConfigurationIsVisible = 0;
		};
		2D983B0C19EC538700277F70 /* Build configuration list for PBXNativeTarget "PostcardTests" */ = {
			isa = XCConfigurationList;
			buildConfigurations = (
				2D983B0D19EC538700277F70 /* Debug */,
				2D983B0E19EC538700277F70 /* Release */,
			);
			defaultConfigurationIsVisible = 0;
		};
/* End XCConfigurationList section */
	};
	rootObject = 2D983AE219EC538700277F70 /* Project object */;
}
